
Microsoft Visual Studio Solution File, Format Version 12.00
# Visual Studio Version 16
VisualStudioVersion = 16.0.29519.87
MinimumVisualStudioVersion = 10.0.40219.1
Project("{9A19103F-16F7-4668-BE54-9A1E7A4F7556}") = "HSMCommon", "..\HSMCommon\HSMCommon.csproj", "{72BC57D1-2582-4AA4-B078-AC1B7648CFCE}"
EndProject
Project("{9A19103F-16F7-4668-BE54-9A1E7A4F7556}") = "HSMServer", "HSMServer.csproj", "{5E6C1200-0B26-4EE0-819B-0EF93B3899D8}"
EndProject
Project("{9A19103F-16F7-4668-BE54-9A1E7A4F7556}") = "HSMSensorDataObjects", "..\HSMSensorDataObjects\HSMSensorDataObjects.csproj", "{205968E6-DAC6-4114-A5DD-34F471824DCC}"
EndProject
Project("{9A19103F-16F7-4668-BE54-9A1E7A4F7556}") = "HSMServer.Tests", "..\HSMServer.Tests\HSMServer.Tests.csproj", "{4D22F4E7-D3ED-43FA-8BEE-473EEF45DC87}"
EndProject
Project("{9A19103F-16F7-4668-BE54-9A1E7A4F7556}") = "HSMDatabase", "..\HSMDatabase\HSMDatabase.csproj", "{E126B08A-A584-4A70-BA3A-E83FEDF05524}"
EndProject
Project("{9A19103F-16F7-4668-BE54-9A1E7A4F7556}") = "HSMDatabase.LevelDB", "..\HSMDatabase.LevelDB\HSMDatabase.LevelDB.csproj", "{5FC809B2-13FF-4371-9273-AD247BBE7571}"
EndProject
Project("{2150E333-8FDC-42A3-9474-1A3956D46DE8}") = "ServerCore", "ServerCore", "{B13B1785-8C9C-4091-9D82-550219923B86}"
EndProject
Project("{9A19103F-16F7-4668-BE54-9A1E7A4F7556}") = "HSMServer.Core", "..\HSMServer.Core\HSMServer.Core.csproj", "{D58F6891-7B19-4DE9-9A8B-BC6DFC847CDC}"
EndProject
Project("{2150E333-8FDC-42A3-9474-1A3956D46DE8}") = "Database", "Database", "{3D8FBF75-6FCC-416D-990B-961C37505572}"
EndProject
Project("{2150E333-8FDC-42A3-9474-1A3956D46DE8}") = "Tests", "Tests", "{0D98972E-B032-414E-A1E3-597465A8A49C}"
EndProject
Project("{9A19103F-16F7-4668-BE54-9A1E7A4F7556}") = "HSM.Core.Monitoring", "..\HSM.Core.Monitoring\HSM.Core.Monitoring.csproj", "{8610DC93-79A4-4D7E-A0E9-6063DF0DCD2E}"
EndProject
Project("{FAE04EC0-301F-11D3-BF4B-00C04F79EFBC}") = "HSMServer.Core.Tests", "..\HSMServer.Core.Tests\HSMServer.Core.Tests.csproj", "{858FD0BB-CC11-47AE-A905-021C029140F3}"
EndProject
Global
	GlobalSection(SolutionConfigurationPlatforms) = preSolution
		Debug|Any CPU = Debug|Any CPU
		Release|Any CPU = Release|Any CPU
	EndGlobalSection
	GlobalSection(ProjectConfigurationPlatforms) = postSolution
		{72BC57D1-2582-4AA4-B078-AC1B7648CFCE}.Debug|Any CPU.ActiveCfg = Debug|Any CPU
		{72BC57D1-2582-4AA4-B078-AC1B7648CFCE}.Debug|Any CPU.Build.0 = Debug|Any CPU
		{72BC57D1-2582-4AA4-B078-AC1B7648CFCE}.Release|Any CPU.ActiveCfg = Release|Any CPU
		{72BC57D1-2582-4AA4-B078-AC1B7648CFCE}.Release|Any CPU.Build.0 = Release|Any CPU
		{5E6C1200-0B26-4EE0-819B-0EF93B3899D8}.Debug|Any CPU.ActiveCfg = Debug|Any CPU
		{5E6C1200-0B26-4EE0-819B-0EF93B3899D8}.Debug|Any CPU.Build.0 = Debug|Any CPU
		{5E6C1200-0B26-4EE0-819B-0EF93B3899D8}.Release|Any CPU.ActiveCfg = Release|Any CPU
		{5E6C1200-0B26-4EE0-819B-0EF93B3899D8}.Release|Any CPU.Build.0 = Release|Any CPU
		{205968E6-DAC6-4114-A5DD-34F471824DCC}.Debug|Any CPU.ActiveCfg = Debug|Any CPU
		{205968E6-DAC6-4114-A5DD-34F471824DCC}.Debug|Any CPU.Build.0 = Debug|Any CPU
		{205968E6-DAC6-4114-A5DD-34F471824DCC}.Release|Any CPU.ActiveCfg = Release|Any CPU
		{205968E6-DAC6-4114-A5DD-34F471824DCC}.Release|Any CPU.Build.0 = Release|Any CPU
		{4D22F4E7-D3ED-43FA-8BEE-473EEF45DC87}.Debug|Any CPU.ActiveCfg = Debug|Any CPU
		{4D22F4E7-D3ED-43FA-8BEE-473EEF45DC87}.Debug|Any CPU.Build.0 = Debug|Any CPU
		{4D22F4E7-D3ED-43FA-8BEE-473EEF45DC87}.Release|Any CPU.ActiveCfg = Release|Any CPU
		{4D22F4E7-D3ED-43FA-8BEE-473EEF45DC87}.Release|Any CPU.Build.0 = Release|Any CPU
		{E126B08A-A584-4A70-BA3A-E83FEDF05524}.Debug|Any CPU.ActiveCfg = Debug|Any CPU
		{E126B08A-A584-4A70-BA3A-E83FEDF05524}.Debug|Any CPU.Build.0 = Debug|Any CPU
		{E126B08A-A584-4A70-BA3A-E83FEDF05524}.Release|Any CPU.ActiveCfg = Release|Any CPU
		{E126B08A-A584-4A70-BA3A-E83FEDF05524}.Release|Any CPU.Build.0 = Release|Any CPU
		{5FC809B2-13FF-4371-9273-AD247BBE7571}.Debug|Any CPU.ActiveCfg = Debug|Any CPU
		{5FC809B2-13FF-4371-9273-AD247BBE7571}.Debug|Any CPU.Build.0 = Debug|Any CPU
		{5FC809B2-13FF-4371-9273-AD247BBE7571}.Release|Any CPU.ActiveCfg = Release|Any CPU
		{5FC809B2-13FF-4371-9273-AD247BBE7571}.Release|Any CPU.Build.0 = Release|Any CPU
		{D58F6891-7B19-4DE9-9A8B-BC6DFC847CDC}.Debug|Any CPU.ActiveCfg = Debug|Any CPU
		{D58F6891-7B19-4DE9-9A8B-BC6DFC847CDC}.Debug|Any CPU.Build.0 = Debug|Any CPU
		{D58F6891-7B19-4DE9-9A8B-BC6DFC847CDC}.Release|Any CPU.ActiveCfg = Release|Any CPU
		{D58F6891-7B19-4DE9-9A8B-BC6DFC847CDC}.Release|Any CPU.Build.0 = Release|Any CPU
		{8610DC93-79A4-4D7E-A0E9-6063DF0DCD2E}.Debug|Any CPU.ActiveCfg = Debug|Any CPU
		{8610DC93-79A4-4D7E-A0E9-6063DF0DCD2E}.Debug|Any CPU.Build.0 = Debug|Any CPU
		{8610DC93-79A4-4D7E-A0E9-6063DF0DCD2E}.Release|Any CPU.ActiveCfg = Release|Any CPU
		{8610DC93-79A4-4D7E-A0E9-6063DF0DCD2E}.Release|Any CPU.Build.0 = Release|Any CPU
		{858FD0BB-CC11-47AE-A905-021C029140F3}.Debug|Any CPU.ActiveCfg = Debug|Any CPU
		{858FD0BB-CC11-47AE-A905-021C029140F3}.Debug|Any CPU.Build.0 = Debug|Any CPU
		{858FD0BB-CC11-47AE-A905-021C029140F3}.Release|Any CPU.ActiveCfg = Release|Any CPU
		{858FD0BB-CC11-47AE-A905-021C029140F3}.Release|Any CPU.Build.0 = Release|Any CPU
	EndGlobalSection
	GlobalSection(SolutionProperties) = preSolution
		HideSolutionNode = FALSE
	EndGlobalSection
	GlobalSection(NestedProjects) = preSolution
		{5E6C1200-0B26-4EE0-819B-0EF93B3899D8} = {B13B1785-8C9C-4091-9D82-550219923B86}
		{4D22F4E7-D3ED-43FA-8BEE-473EEF45DC87} = {0D98972E-B032-414E-A1E3-597465A8A49C}
		{E126B08A-A584-4A70-BA3A-E83FEDF05524} = {3D8FBF75-6FCC-416D-990B-961C37505572}
		{5FC809B2-13FF-4371-9273-AD247BBE7571} = {3D8FBF75-6FCC-416D-990B-961C37505572}
		{D58F6891-7B19-4DE9-9A8B-BC6DFC847CDC} = {B13B1785-8C9C-4091-9D82-550219923B86}
		{8610DC93-79A4-4D7E-A0E9-6063DF0DCD2E} = {B13B1785-8C9C-4091-9D82-550219923B86}
		{858FD0BB-CC11-47AE-A905-021C029140F3} = {0D98972E-B032-414E-A1E3-597465A8A49C}
	EndGlobalSection
	GlobalSection(ExtensibilityGlobals) = postSolution
		SolutionGuid = {87147EF6-89C6-4B9D-B8E2-DB28679905BD}
	EndGlobalSection
EndGlobal
