
Microsoft Visual Studio Solution File, Format Version 12.00
# Visual Studio Version 16
VisualStudioVersion = 16.0.29519.87
MinimumVisualStudioVersion = 10.0.40219.1
Project("{2150E333-8FDC-42A3-9474-1A3956D46DE8}") = "HSMServer.Core", "HSMServer.Core", "{F5022C1D-010E-459E-A2DA-8F9DACB53AA1}"
EndProject
Project("{9A19103F-16F7-4668-BE54-9A1E7A4F7556}") = "HSMCommon", "..\HSMCommon\HSMCommon.csproj", "{72BC57D1-2582-4AA4-B078-AC1B7648CFCE}"
EndProject
Project("{9A19103F-16F7-4668-BE54-9A1E7A4F7556}") = "HSMServer", "HSMServer.csproj", "{5E6C1200-0B26-4EE0-819B-0EF93B3899D8}"
EndProject
Project("{9A19103F-16F7-4668-BE54-9A1E7A4F7556}") = "HSMSensorDataObjects", "..\HSMSensorDataObjects\HSMSensorDataObjects.csproj", "{205968E6-DAC6-4114-A5DD-34F471824DCC}"
EndProject
Project("{9A19103F-16F7-4668-BE54-9A1E7A4F7556}") = "HSMServer.Tests", "..\HSMServer.Tests\HSMServer.Tests.csproj", "{4D22F4E7-D3ED-43FA-8BEE-473EEF45DC87}"
EndProject
Project("{9A19103F-16F7-4668-BE54-9A1E7A4F7556}") = "HSMDatabase", "..\HSMDatabase\HSMDatabase.csproj", "{E126B08A-A584-4A70-BA3A-E83FEDF05524}"
EndProject
Project("{9A19103F-16F7-4668-BE54-9A1E7A4F7556}") = "HSMDatabase.LevelDB", "..\HSMDatabase.LevelDB\HSMDatabase.LevelDB.csproj", "{5FC809B2-13FF-4371-9273-AD247BBE7571}"
EndProject
Project("{FAE04EC0-301F-11D3-BF4B-00C04F79EFBC}") = "HSM.MonitoringCore", "..\HSM.MonitoringCore\HSM.MonitoringCore.csproj", "{79A4A676-2634-435B-B6F6-87174155CC05}"
EndProject
Global
	GlobalSection(SolutionConfigurationPlatforms) = preSolution
		Debug|Any CPU = Debug|Any CPU
		Release|Any CPU = Release|Any CPU
	EndGlobalSection
	GlobalSection(ProjectConfigurationPlatforms) = postSolution
		{72BC57D1-2582-4AA4-B078-AC1B7648CFCE}.Debug|Any CPU.ActiveCfg = Debug|Any CPU
		{72BC57D1-2582-4AA4-B078-AC1B7648CFCE}.Debug|Any CPU.Build.0 = Debug|Any CPU
		{72BC57D1-2582-4AA4-B078-AC1B7648CFCE}.Release|Any CPU.ActiveCfg = Release|Any CPU
		{72BC57D1-2582-4AA4-B078-AC1B7648CFCE}.Release|Any CPU.Build.0 = Release|Any CPU
		{5E6C1200-0B26-4EE0-819B-0EF93B3899D8}.Debug|Any CPU.ActiveCfg = Debug|Any CPU
		{5E6C1200-0B26-4EE0-819B-0EF93B3899D8}.Debug|Any CPU.Build.0 = Debug|Any CPU
		{5E6C1200-0B26-4EE0-819B-0EF93B3899D8}.Release|Any CPU.ActiveCfg = Release|Any CPU
		{5E6C1200-0B26-4EE0-819B-0EF93B3899D8}.Release|Any CPU.Build.0 = Release|Any CPU
		{205968E6-DAC6-4114-A5DD-34F471824DCC}.Debug|Any CPU.ActiveCfg = Debug|Any CPU
		{205968E6-DAC6-4114-A5DD-34F471824DCC}.Debug|Any CPU.Build.0 = Debug|Any CPU
		{205968E6-DAC6-4114-A5DD-34F471824DCC}.Release|Any CPU.ActiveCfg = Release|Any CPU
		{205968E6-DAC6-4114-A5DD-34F471824DCC}.Release|Any CPU.Build.0 = Release|Any CPU
		{4D22F4E7-D3ED-43FA-8BEE-473EEF45DC87}.Debug|Any CPU.ActiveCfg = Debug|Any CPU
		{4D22F4E7-D3ED-43FA-8BEE-473EEF45DC87}.Debug|Any CPU.Build.0 = Debug|Any CPU
		{4D22F4E7-D3ED-43FA-8BEE-473EEF45DC87}.Release|Any CPU.ActiveCfg = Release|Any CPU
		{4D22F4E7-D3ED-43FA-8BEE-473EEF45DC87}.Release|Any CPU.Build.0 = Release|Any CPU
		{E126B08A-A584-4A70-BA3A-E83FEDF05524}.Debug|Any CPU.ActiveCfg = Debug|Any CPU
		{E126B08A-A584-4A70-BA3A-E83FEDF05524}.Debug|Any CPU.Build.0 = Debug|Any CPU
		{E126B08A-A584-4A70-BA3A-E83FEDF05524}.Release|Any CPU.ActiveCfg = Release|Any CPU
		{E126B08A-A584-4A70-BA3A-E83FEDF05524}.Release|Any CPU.Build.0 = Release|Any CPU
		{5FC809B2-13FF-4371-9273-AD247BBE7571}.Debug|Any CPU.ActiveCfg = Debug|Any CPU
		{5FC809B2-13FF-4371-9273-AD247BBE7571}.Debug|Any CPU.Build.0 = Debug|Any CPU
		{5FC809B2-13FF-4371-9273-AD247BBE7571}.Release|Any CPU.ActiveCfg = Release|Any CPU
		{5FC809B2-13FF-4371-9273-AD247BBE7571}.Release|Any CPU.Build.0 = Release|Any CPU
		{79A4A676-2634-435B-B6F6-87174155CC05}.Debug|Any CPU.ActiveCfg = Debug|Any CPU
		{79A4A676-2634-435B-B6F6-87174155CC05}.Debug|Any CPU.Build.0 = Debug|Any CPU
		{79A4A676-2634-435B-B6F6-87174155CC05}.Release|Any CPU.ActiveCfg = Release|Any CPU
		{79A4A676-2634-435B-B6F6-87174155CC05}.Release|Any CPU.Build.0 = Release|Any CPU
	EndGlobalSection
	GlobalSection(SolutionProperties) = preSolution
		HideSolutionNode = FALSE
	EndGlobalSection
	GlobalSection(NestedProjects) = preSolution
		{5E6C1200-0B26-4EE0-819B-0EF93B3899D8} = {F5022C1D-010E-459E-A2DA-8F9DACB53AA1}
		{79A4A676-2634-435B-B6F6-87174155CC05} = {F5022C1D-010E-459E-A2DA-8F9DACB53AA1}
	EndGlobalSection
	GlobalSection(ExtensibilityGlobals) = postSolution
		SolutionGuid = {87147EF6-89C6-4B9D-B8E2-DB28679905BD}
	EndGlobalSection
EndGlobal
