
Microsoft Visual Studio Solution File, Format Version 12.00
# Visual Studio Version 17
VisualStudioVersion = 17.2.32602.215
MinimumVisualStudioVersion = 10.0.40219.1
Project("{9A19103F-16F7-4668-BE54-9A1E7A4F7556}") = "HSMCommon", "..\HSMCommon\HSMCommon.csproj", "{72BC57D1-2582-4AA4-B078-AC1B7648CFCE}"
EndProject
Project("{9A19103F-16F7-4668-BE54-9A1E7A4F7556}") = "HSMServer", "HSMServer.csproj", "{5E6C1200-0B26-4EE0-819B-0EF93B3899D8}"
EndProject
Project("{2150E333-8FDC-42A3-9474-1A3956D46DE8}") = "ServerCore", "ServerCore", "{B13B1785-8C9C-4091-9D82-550219923B86}"
EndProject
Project("{9A19103F-16F7-4668-BE54-9A1E7A4F7556}") = "HSMServer.Core", "..\HSMServer.Core\HSMServer.Core.csproj", "{D58F6891-7B19-4DE9-9A8B-BC6DFC847CDC}"
EndProject
Project("{2150E333-8FDC-42A3-9474-1A3956D46DE8}") = "Database", "Database", "{3D8FBF75-6FCC-416D-990B-961C37505572}"
EndProject
Project("{2150E333-8FDC-42A3-9474-1A3956D46DE8}") = "Tests", "Tests", "{0D98972E-B032-414E-A1E3-597465A8A49C}"
EndProject
Project("{2150E333-8FDC-42A3-9474-1A3956D46DE8}") = "Benchmark", "Benchmark", "{48F09664-95D0-4ED9-BA1C-50E638429732}"
EndProject
Project("{9A19103F-16F7-4668-BE54-9A1E7A4F7556}") = "BenchmarkPlatform", "..\..\sandbox\BenchmarkPlatform\BenchmarkPlatform.csproj", "{7F2214FD-D0D1-458C-B26F-583B7EBD09A1}"
EndProject
Project("{9A19103F-16F7-4668-BE54-9A1E7A4F7556}") = "HSMDatabase", "..\..\database\HSMDatabase\HSMDatabase.csproj", "{278B6B07-236A-4E59-B9BA-8B63FCB6626B}"
EndProject
Project("{9A19103F-16F7-4668-BE54-9A1E7A4F7556}") = "HSMDatabase.AccessManager", "..\..\database\HSMDatabase.AccessManager\HSMDatabase.AccessManager.csproj", "{31261D54-C70D-493D-9A5A-3891AD463C5F}"
EndProject
Project("{9A19103F-16F7-4668-BE54-9A1E7A4F7556}") = "HSMDatabase.LevelDB", "..\..\database\HSMDatabase.LevelDB\HSMDatabase.LevelDB.csproj", "{25CD140D-40BD-4EF5-9786-B28412DEB926}"
EndProject
Project("{9A19103F-16F7-4668-BE54-9A1E7A4F7556}") = "HSMServer.Core.Tests", "..\..\tests\HSMServer.Core.Tests\HSMServer.Core.Tests.csproj", "{0CDAC15D-7177-496E-9D1F-64C3295A0F0B}"
EndProject
Project("{9A19103F-16F7-4668-BE54-9A1E7A4F7556}") = "PerformanceTest", "..\..\sandbox\PerformanceTest\PerformanceTest.csproj", "{FE6B0DF4-856A-4198-9BDC-3B7BC17B5DAF}"
EndProject
Project("{9A19103F-16F7-4668-BE54-9A1E7A4F7556}") = "HSMSensorDataObjects", "..\..\api\HSMSensorDataObjects\HSMSensorDataObjects.csproj", "{8394D986-E906-4FB7-96EA-1BAD08F63E6F}"
EndProject
Project("{9A19103F-16F7-4668-BE54-9A1E7A4F7556}") = "TestLevelDB", "..\..\sandbox\TestLevelDB\TestLevelDB.csproj", "{C839B0F6-3DE7-4732-AF27-A0B0C9A58467}"
EndProject
Project("{9A19103F-16F7-4668-BE54-9A1E7A4F7556}") = "HSMDataCollector", "..\..\collector\HSMDataCollector\HSMDataCollector.csproj", "{67EBD574-DE6B-44B9-BF34-FEEBD9122748}"
EndProject
Global
	GlobalSection(SolutionConfigurationPlatforms) = preSolution
		Debug|Any CPU = Debug|Any CPU
		Release|Any CPU = Release|Any CPU
	EndGlobalSection
	GlobalSection(ProjectConfigurationPlatforms) = postSolution
		{72BC57D1-2582-4AA4-B078-AC1B7648CFCE}.Debug|Any CPU.ActiveCfg = Debug|Any CPU
		{72BC57D1-2582-4AA4-B078-AC1B7648CFCE}.Debug|Any CPU.Build.0 = Debug|Any CPU
		{72BC57D1-2582-4AA4-B078-AC1B7648CFCE}.Release|Any CPU.ActiveCfg = Release|Any CPU
		{72BC57D1-2582-4AA4-B078-AC1B7648CFCE}.Release|Any CPU.Build.0 = Release|Any CPU
		{5E6C1200-0B26-4EE0-819B-0EF93B3899D8}.Debug|Any CPU.ActiveCfg = Debug|Any CPU
		{5E6C1200-0B26-4EE0-819B-0EF93B3899D8}.Debug|Any CPU.Build.0 = Debug|Any CPU
		{5E6C1200-0B26-4EE0-819B-0EF93B3899D8}.Release|Any CPU.ActiveCfg = Release|Any CPU
		{5E6C1200-0B26-4EE0-819B-0EF93B3899D8}.Release|Any CPU.Build.0 = Release|Any CPU
		{D58F6891-7B19-4DE9-9A8B-BC6DFC847CDC}.Debug|Any CPU.ActiveCfg = Debug|Any CPU
		{D58F6891-7B19-4DE9-9A8B-BC6DFC847CDC}.Debug|Any CPU.Build.0 = Debug|Any CPU
		{D58F6891-7B19-4DE9-9A8B-BC6DFC847CDC}.Release|Any CPU.ActiveCfg = Release|Any CPU
		{D58F6891-7B19-4DE9-9A8B-BC6DFC847CDC}.Release|Any CPU.Build.0 = Release|Any CPU
		{7F2214FD-D0D1-458C-B26F-583B7EBD09A1}.Debug|Any CPU.ActiveCfg = Debug|Any CPU
		{7F2214FD-D0D1-458C-B26F-583B7EBD09A1}.Debug|Any CPU.Build.0 = Debug|Any CPU
		{7F2214FD-D0D1-458C-B26F-583B7EBD09A1}.Release|Any CPU.ActiveCfg = Release|Any CPU
		{7F2214FD-D0D1-458C-B26F-583B7EBD09A1}.Release|Any CPU.Build.0 = Release|Any CPU
		{278B6B07-236A-4E59-B9BA-8B63FCB6626B}.Debug|Any CPU.ActiveCfg = Debug|Any CPU
		{278B6B07-236A-4E59-B9BA-8B63FCB6626B}.Debug|Any CPU.Build.0 = Debug|Any CPU
		{278B6B07-236A-4E59-B9BA-8B63FCB6626B}.Release|Any CPU.ActiveCfg = Release|Any CPU
		{278B6B07-236A-4E59-B9BA-8B63FCB6626B}.Release|Any CPU.Build.0 = Release|Any CPU
		{31261D54-C70D-493D-9A5A-3891AD463C5F}.Debug|Any CPU.ActiveCfg = Debug|Any CPU
		{31261D54-C70D-493D-9A5A-3891AD463C5F}.Debug|Any CPU.Build.0 = Debug|Any CPU
		{31261D54-C70D-493D-9A5A-3891AD463C5F}.Release|Any CPU.ActiveCfg = Release|Any CPU
		{31261D54-C70D-493D-9A5A-3891AD463C5F}.Release|Any CPU.Build.0 = Release|Any CPU
		{25CD140D-40BD-4EF5-9786-B28412DEB926}.Debug|Any CPU.ActiveCfg = Debug|Any CPU
		{25CD140D-40BD-4EF5-9786-B28412DEB926}.Debug|Any CPU.Build.0 = Debug|Any CPU
		{25CD140D-40BD-4EF5-9786-B28412DEB926}.Release|Any CPU.ActiveCfg = Release|Any CPU
		{25CD140D-40BD-4EF5-9786-B28412DEB926}.Release|Any CPU.Build.0 = Release|Any CPU
		{0CDAC15D-7177-496E-9D1F-64C3295A0F0B}.Debug|Any CPU.ActiveCfg = Debug|Any CPU
		{0CDAC15D-7177-496E-9D1F-64C3295A0F0B}.Debug|Any CPU.Build.0 = Debug|Any CPU
		{0CDAC15D-7177-496E-9D1F-64C3295A0F0B}.Release|Any CPU.ActiveCfg = Release|Any CPU
		{0CDAC15D-7177-496E-9D1F-64C3295A0F0B}.Release|Any CPU.Build.0 = Release|Any CPU
		{FE6B0DF4-856A-4198-9BDC-3B7BC17B5DAF}.Debug|Any CPU.ActiveCfg = Debug|Any CPU
		{FE6B0DF4-856A-4198-9BDC-3B7BC17B5DAF}.Debug|Any CPU.Build.0 = Debug|Any CPU
		{FE6B0DF4-856A-4198-9BDC-3B7BC17B5DAF}.Release|Any CPU.ActiveCfg = Release|Any CPU
		{FE6B0DF4-856A-4198-9BDC-3B7BC17B5DAF}.Release|Any CPU.Build.0 = Release|Any CPU
		{8394D986-E906-4FB7-96EA-1BAD08F63E6F}.Debug|Any CPU.ActiveCfg = Debug|Any CPU
		{8394D986-E906-4FB7-96EA-1BAD08F63E6F}.Debug|Any CPU.Build.0 = Debug|Any CPU
		{8394D986-E906-4FB7-96EA-1BAD08F63E6F}.Release|Any CPU.ActiveCfg = Release|Any CPU
		{8394D986-E906-4FB7-96EA-1BAD08F63E6F}.Release|Any CPU.Build.0 = Release|Any CPU
		{C839B0F6-3DE7-4732-AF27-A0B0C9A58467}.Debug|Any CPU.ActiveCfg = Debug|Any CPU
		{C839B0F6-3DE7-4732-AF27-A0B0C9A58467}.Debug|Any CPU.Build.0 = Debug|Any CPU
		{C839B0F6-3DE7-4732-AF27-A0B0C9A58467}.Release|Any CPU.ActiveCfg = Release|Any CPU
		{C839B0F6-3DE7-4732-AF27-A0B0C9A58467}.Release|Any CPU.Build.0 = Release|Any CPU
		{67EBD574-DE6B-44B9-BF34-FEEBD9122748}.Debug|Any CPU.ActiveCfg = Debug|Any CPU
		{67EBD574-DE6B-44B9-BF34-FEEBD9122748}.Debug|Any CPU.Build.0 = Debug|Any CPU
		{67EBD574-DE6B-44B9-BF34-FEEBD9122748}.Release|Any CPU.ActiveCfg = Release|Any CPU
		{67EBD574-DE6B-44B9-BF34-FEEBD9122748}.Release|Any CPU.Build.0 = Release|Any CPU
	EndGlobalSection
	GlobalSection(SolutionProperties) = preSolution
		HideSolutionNode = FALSE
	EndGlobalSection
	GlobalSection(NestedProjects) = preSolution
		{5E6C1200-0B26-4EE0-819B-0EF93B3899D8} = {B13B1785-8C9C-4091-9D82-550219923B86}
		{D58F6891-7B19-4DE9-9A8B-BC6DFC847CDC} = {B13B1785-8C9C-4091-9D82-550219923B86}
		{7F2214FD-D0D1-458C-B26F-583B7EBD09A1} = {48F09664-95D0-4ED9-BA1C-50E638429732}
		{278B6B07-236A-4E59-B9BA-8B63FCB6626B} = {3D8FBF75-6FCC-416D-990B-961C37505572}
		{31261D54-C70D-493D-9A5A-3891AD463C5F} = {3D8FBF75-6FCC-416D-990B-961C37505572}
		{25CD140D-40BD-4EF5-9786-B28412DEB926} = {3D8FBF75-6FCC-416D-990B-961C37505572}
		{0CDAC15D-7177-496E-9D1F-64C3295A0F0B} = {0D98972E-B032-414E-A1E3-597465A8A49C}
		{FE6B0DF4-856A-4198-9BDC-3B7BC17B5DAF} = {0D98972E-B032-414E-A1E3-597465A8A49C}
		{C839B0F6-3DE7-4732-AF27-A0B0C9A58467} = {48F09664-95D0-4ED9-BA1C-50E638429732}
	EndGlobalSection
	GlobalSection(ExtensibilityGlobals) = postSolution
		SolutionGuid = {87147EF6-89C6-4B9D-B8E2-DB28679905BD}
	EndGlobalSection
EndGlobal
