
Microsoft Visual Studio Solution File, Format Version 12.00
# Visual Studio 15
VisualStudioVersion = 15.0.28307.1525
MinimumVisualStudioVersion = 10.0.40219.1
Project("{FAE04EC0-301F-11D3-BF4B-00C04F79EFBC}") = "HSMDataCollector", "..\HSMDataCollector\HSMDataCollector\HSMDataCollector.csproj", "{83C0F461-62FC-49D6-941B-B225007B3834}"
EndProject
Project("{9A19103F-16F7-4668-BE54-9A1E7A4F7556}") = "HSMSensorDataObjects", "..\HSMSensorDataObjects\HSMSensorDataObjects.csproj", "{81B4E824-DAA7-40D8-B3D9-0C65D0B3B6E9}"
EndProject
Project("{8BC9CEB8-8B4A-11D0-8D11-00A0C91BC942}") = "HSMCppWrapper", "HSMCppWrapper.vcxproj", "{6577E030-CCEA-483D-8B05-2C0248F86F6C}"
EndProject
Global
	GlobalSection(SolutionConfigurationPlatforms) = preSolution
		Debug|Any CPU = Debug|Any CPU
		Debug|x64 = Debug|x64
		Debug|x86 = Debug|x86
		Release|Any CPU = Release|Any CPU
		Release|x64 = Release|x64
		Release|x86 = Release|x86
	EndGlobalSection
	GlobalSection(ProjectConfigurationPlatforms) = postSolution
		{83C0F461-62FC-49D6-941B-B225007B3834}.Debug|Any CPU.ActiveCfg = Debug|Any CPU
		{83C0F461-62FC-49D6-941B-B225007B3834}.Debug|Any CPU.Build.0 = Debug|Any CPU
		{83C0F461-62FC-49D6-941B-B225007B3834}.Debug|x64.ActiveCfg = Debug|Any CPU
		{83C0F461-62FC-49D6-941B-B225007B3834}.Debug|x64.Build.0 = Debug|Any CPU
		{83C0F461-62FC-49D6-941B-B225007B3834}.Debug|x86.ActiveCfg = Debug|Any CPU
		{83C0F461-62FC-49D6-941B-B225007B3834}.Debug|x86.Build.0 = Debug|Any CPU
		{83C0F461-62FC-49D6-941B-B225007B3834}.Release|Any CPU.ActiveCfg = Release|Any CPU
		{83C0F461-62FC-49D6-941B-B225007B3834}.Release|Any CPU.Build.0 = Release|Any CPU
		{83C0F461-62FC-49D6-941B-B225007B3834}.Release|x64.ActiveCfg = Release|Any CPU
		{83C0F461-62FC-49D6-941B-B225007B3834}.Release|x64.Build.0 = Release|Any CPU
		{83C0F461-62FC-49D6-941B-B225007B3834}.Release|x86.ActiveCfg = Release|Any CPU
		{83C0F461-62FC-49D6-941B-B225007B3834}.Release|x86.Build.0 = Release|Any CPU
		{81B4E824-DAA7-40D8-B3D9-0C65D0B3B6E9}.Debug|Any CPU.ActiveCfg = Debug|Any CPU
		{81B4E824-DAA7-40D8-B3D9-0C65D0B3B6E9}.Debug|Any CPU.Build.0 = Debug|Any CPU
		{81B4E824-DAA7-40D8-B3D9-0C65D0B3B6E9}.Debug|x64.ActiveCfg = Debug|Any CPU
		{81B4E824-DAA7-40D8-B3D9-0C65D0B3B6E9}.Debug|x64.Build.0 = Debug|Any CPU
		{81B4E824-DAA7-40D8-B3D9-0C65D0B3B6E9}.Debug|x86.ActiveCfg = Debug|Any CPU
		{81B4E824-DAA7-40D8-B3D9-0C65D0B3B6E9}.Debug|x86.Build.0 = Debug|Any CPU
		{81B4E824-DAA7-40D8-B3D9-0C65D0B3B6E9}.Release|Any CPU.ActiveCfg = Release|Any CPU
		{81B4E824-DAA7-40D8-B3D9-0C65D0B3B6E9}.Release|Any CPU.Build.0 = Release|Any CPU
		{81B4E824-DAA7-40D8-B3D9-0C65D0B3B6E9}.Release|x64.ActiveCfg = Release|Any CPU
		{81B4E824-DAA7-40D8-B3D9-0C65D0B3B6E9}.Release|x64.Build.0 = Release|Any CPU
		{81B4E824-DAA7-40D8-B3D9-0C65D0B3B6E9}.Release|x86.ActiveCfg = Release|Any CPU
		{81B4E824-DAA7-40D8-B3D9-0C65D0B3B6E9}.Release|x86.Build.0 = Release|Any CPU
		{6577E030-CCEA-483D-8B05-2C0248F86F6C}.Debug|Any CPU.ActiveCfg = Debug|Win32
		{6577E030-CCEA-483D-8B05-2C0248F86F6C}.Debug|x64.ActiveCfg = Debug|x64
		{6577E030-CCEA-483D-8B05-2C0248F86F6C}.Debug|x64.Build.0 = Debug|x64
		{6577E030-CCEA-483D-8B05-2C0248F86F6C}.Debug|x86.ActiveCfg = Debug|Win32
		{6577E030-CCEA-483D-8B05-2C0248F86F6C}.Debug|x86.Build.0 = Debug|Win32
		{6577E030-CCEA-483D-8B05-2C0248F86F6C}.Release|Any CPU.ActiveCfg = Release|Win32
		{6577E030-CCEA-483D-8B05-2C0248F86F6C}.Release|x64.ActiveCfg = Release|x64
		{6577E030-CCEA-483D-8B05-2C0248F86F6C}.Release|x64.Build.0 = Release|x64
		{6577E030-CCEA-483D-8B05-2C0248F86F6C}.Release|x86.ActiveCfg = Release|Win32
		{6577E030-CCEA-483D-8B05-2C0248F86F6C}.Release|x86.Build.0 = Release|Win32
	EndGlobalSection
	GlobalSection(SolutionProperties) = preSolution
		HideSolutionNode = FALSE
	EndGlobalSection
	GlobalSection(ExtensibilityGlobals) = postSolution
		SolutionGuid = {42079A7C-818C-40C4-ADDB-06F3D7952557}
	EndGlobalSection
EndGlobal
